
Microsoft Visual Studio Solution File, Format Version 12.00
# Visual Studio 15
VisualStudioVersion = 15.0.28307.106
MinimumVisualStudioVersion = 10.0.40219.1
Project("{FAE04EC0-301F-11D3-BF4B-00C04F79EFBC}") = "SmsToDB", "SmsToDB\SmsToDB.csproj", "{CEE9EF5F-25D8-4FCE-A87C-7A85ACCDB836}"
EndProject
Global
	GlobalSection(SolutionConfigurationPlatforms) = preSolution
		Debug|Any CPU = Debug|Any CPU
		Release|Any CPU = Release|Any CPU
	EndGlobalSection
	GlobalSection(ProjectConfigurationPlatforms) = postSolution
		{CEE9EF5F-25D8-4FCE-A87C-7A85ACCDB836}.Debug|Any CPU.ActiveCfg = Debug|Any CPU
		{CEE9EF5F-25D8-4FCE-A87C-7A85ACCDB836}.Debug|Any CPU.Build.0 = Debug|Any CPU
		{CEE9EF5F-25D8-4FCE-A87C-7A85ACCDB836}.Release|Any CPU.ActiveCfg = Release|Any CPU
		{CEE9EF5F-25D8-4FCE-A87C-7A85ACCDB836}.Release|Any CPU.Build.0 = Release|Any CPU
	EndGlobalSection
	GlobalSection(SolutionProperties) = preSolution
		HideSolutionNode = FALSE
	EndGlobalSection
	GlobalSection(ExtensibilityGlobals) = postSolution
		SolutionGuid = {6339395E-B797-40CC-8678-418DD65551FA}
	EndGlobalSection
EndGlobal
